
Microsoft Visual Studio Solution File, Format Version 12.00
# Visual Studio Version 17
VisualStudioVersion = 17.0.31903.59
MinimumVisualStudioVersion = 10.0.40219.1
Project("{2150E333-8FDC-42A3-9474-1A3956D46DE8}") = "src", "src", "{4653E22C-E122-4B3F-BDF9-AFBAE05088D4}"
EndProject
Project("{FAE04EC0-301F-11D3-BF4B-00C04F79EFBC}") = "MonoDetour", "src\MonoDetour\MonoDetour.csproj", "{19BDBE5C-70B0-42A9-A7CE-FB0E3B752106}"
EndProject
Project("{FAE04EC0-301F-11D3-BF4B-00C04F79EFBC}") = "MonoDetour.ILWeaver", "src\MonoDetour.ILWeaver\MonoDetour.ILWeaver.csproj", "{40F75F19-5FC4-48BB-9B53-BE37F9A199FD}"
EndProject
Project("{FAE04EC0-301F-11D3-BF4B-00C04F79EFBC}") = "MonoDetour.UnitTests", "src\MonoDetour.UnitTests\MonoDetour.UnitTests.csproj", "{BC81F3F2-838B-4B6D-9D27-445EC3B23582}"
EndProject
Project("{FAE04EC0-301F-11D3-BF4B-00C04F79EFBC}") = "MonoDetour.HookGen", "src\MonoDetour.HookGen\MonoDetour.HookGen.csproj", "{EA1B4537-5A30-420C-9659-FC970F832350}"
EndProject
Project("{FAE04EC0-301F-11D3-BF4B-00C04F79EFBC}") = "MonoDetour.UnitTests.TestLib", "src\MonoDetour.UnitTests.TestLib\MonoDetour.UnitTests.TestLib.csproj", "{705CCC00-F46C-4586-B22B-07E51256626D}"
EndProject
Global
	GlobalSection(SolutionConfigurationPlatforms) = preSolution
		Debug|Any CPU = Debug|Any CPU
		Release|Any CPU = Release|Any CPU
	EndGlobalSection
	GlobalSection(ProjectConfigurationPlatforms) = postSolution
		{19BDBE5C-70B0-42A9-A7CE-FB0E3B752106}.Debug|Any CPU.ActiveCfg = Debug|Any CPU
		{19BDBE5C-70B0-42A9-A7CE-FB0E3B752106}.Debug|Any CPU.Build.0 = Debug|Any CPU
		{19BDBE5C-70B0-42A9-A7CE-FB0E3B752106}.Release|Any CPU.ActiveCfg = Release|Any CPU
		{19BDBE5C-70B0-42A9-A7CE-FB0E3B752106}.Release|Any CPU.Build.0 = Release|Any CPU
		{40F75F19-5FC4-48BB-9B53-BE37F9A199FD}.Debug|Any CPU.ActiveCfg = Debug|Any CPU
		{40F75F19-5FC4-48BB-9B53-BE37F9A199FD}.Debug|Any CPU.Build.0 = Debug|Any CPU
		{40F75F19-5FC4-48BB-9B53-BE37F9A199FD}.Release|Any CPU.ActiveCfg = Release|Any CPU
		{40F75F19-5FC4-48BB-9B53-BE37F9A199FD}.Release|Any CPU.Build.0 = Release|Any CPU
		{BC81F3F2-838B-4B6D-9D27-445EC3B23582}.Debug|Any CPU.ActiveCfg = Debug|Any CPU
		{BC81F3F2-838B-4B6D-9D27-445EC3B23582}.Debug|Any CPU.Build.0 = Debug|Any CPU
		{BC81F3F2-838B-4B6D-9D27-445EC3B23582}.Release|Any CPU.ActiveCfg = Release|Any CPU
		{BC81F3F2-838B-4B6D-9D27-445EC3B23582}.Release|Any CPU.Build.0 = Release|Any CPU
		{EA1B4537-5A30-420C-9659-FC970F832350}.Debug|Any CPU.ActiveCfg = Debug|Any CPU
		{EA1B4537-5A30-420C-9659-FC970F832350}.Debug|Any CPU.Build.0 = Debug|Any CPU
		{EA1B4537-5A30-420C-9659-FC970F832350}.Release|Any CPU.ActiveCfg = Release|Any CPU
		{EA1B4537-5A30-420C-9659-FC970F832350}.Release|Any CPU.Build.0 = Release|Any CPU
		{705CCC00-F46C-4586-B22B-07E51256626D}.Debug|Any CPU.ActiveCfg = Debug|Any CPU
		{705CCC00-F46C-4586-B22B-07E51256626D}.Debug|Any CPU.Build.0 = Debug|Any CPU
		{705CCC00-F46C-4586-B22B-07E51256626D}.Release|Any CPU.ActiveCfg = Release|Any CPU
		{705CCC00-F46C-4586-B22B-07E51256626D}.Release|Any CPU.Build.0 = Release|Any CPU
	EndGlobalSection
	GlobalSection(SolutionProperties) = preSolution
		HideSolutionNode = FALSE
	EndGlobalSection
	GlobalSection(NestedProjects) = preSolution
		{19BDBE5C-70B0-42A9-A7CE-FB0E3B752106} = {4653E22C-E122-4B3F-BDF9-AFBAE05088D4}
		{40F75F19-5FC4-48BB-9B53-BE37F9A199FD} = {4653E22C-E122-4B3F-BDF9-AFBAE05088D4}
		{BC81F3F2-838B-4B6D-9D27-445EC3B23582} = {4653E22C-E122-4B3F-BDF9-AFBAE05088D4}
		{EA1B4537-5A30-420C-9659-FC970F832350} = {4653E22C-E122-4B3F-BDF9-AFBAE05088D4}
		{705CCC00-F46C-4586-B22B-07E51256626D} = {4653E22C-E122-4B3F-BDF9-AFBAE05088D4}
	EndGlobalSection
EndGlobal
